
Microsoft Visual Studio Solution File, Format Version 12.00
# Visual Studio Version 17
VisualStudioVersion = 17.12.35707.178
MinimumVisualStudioVersion = 10.0.40219.1
Project("{FAE04EC0-301F-11D3-BF4B-00C04F79EFBC}") = "AspireApp.Distributed.AppHost", "AspireApp.Distributed\AspireApp.Distributed.AppHost\AspireApp.Distributed.AppHost.csproj", "{BA7DA2BE-58B6-47ED-8FFD-C25FCCDB4A2E}"
EndProject
Project("{FAE04EC0-301F-11D3-BF4B-00C04F79EFBC}") = "AspireApp.Distributed.ServiceDefaults", "AspireApp.Distributed\AspireApp.Distributed.ServiceDefaults\AspireApp.Distributed.ServiceDefaults.csproj", "{448ECFE6-1EB5-4C55-8E3B-BA09F926A61D}"
EndProject
Project("{FAE04EC0-301F-11D3-BF4B-00C04F79EFBC}") = "WebApi", "WebApi\WebApi.csproj", "{43468374-C01F-4AF3-8469-F44D4FAC064C}"
EndProject
Project("{FAE04EC0-301F-11D3-BF4B-00C04F79EFBC}") = "ClassLibrary.Services", "ClassLibrary.Services\ClassLibrary.Services.csproj", "{C6742018-4E4B-4FC8-B5B8-E4472FF40EA7}"
EndProject
Project("{FAE04EC0-301F-11D3-BF4B-00C04F79EFBC}") = "ClassLibrary.Models", "ClassLibrary.Models\ClassLibrary.Models.csproj", "{2BA080F2-1D72-48D6-9DE3-FF2C4222611A}"
EndProject
Project("{2150E333-8FDC-42A3-9474-1A3956D46DE8}") = "SqlServer", "SqlServer", "{1E76DB9D-36EF-4237-9D5E-5D79DE2AB834}"
	ProjectSection(SolutionItems) = preProject
		SqlServer.sql = SqlServer.sql
	EndProjectSection
EndProject
Project("{FAE04EC0-301F-11D3-BF4B-00C04F79EFBC}") = "MauiAppTest", "MauiAppTest\MauiAppTest.csproj", "{5107CF75-5E63-405E-9EBA-19C5DFE2B581}"
EndProject
Project("{FAE04EC0-301F-11D3-BF4B-00C04F79EFBC}") = "MauiAppAdmin", "MauiAppAdmin\MauiAppAdmin.csproj", "{05AA6461-7363-444A-AF66-B2D42E35010F}"
EndProject
Global
	GlobalSection(SolutionConfigurationPlatforms) = preSolution
		Debug|Any CPU = Debug|Any CPU
		Release|Any CPU = Release|Any CPU
	EndGlobalSection
	GlobalSection(ProjectConfigurationPlatforms) = postSolution
		{BA7DA2BE-58B6-47ED-8FFD-C25FCCDB4A2E}.Debug|Any CPU.ActiveCfg = Debug|Any CPU
		{BA7DA2BE-58B6-47ED-8FFD-C25FCCDB4A2E}.Debug|Any CPU.Build.0 = Debug|Any CPU
		{BA7DA2BE-58B6-47ED-8FFD-C25FCCDB4A2E}.Release|Any CPU.ActiveCfg = Release|Any CPU
		{BA7DA2BE-58B6-47ED-8FFD-C25FCCDB4A2E}.Release|Any CPU.Build.0 = Release|Any CPU
		{448ECFE6-1EB5-4C55-8E3B-BA09F926A61D}.Debug|Any CPU.ActiveCfg = Debug|Any CPU
		{448ECFE6-1EB5-4C55-8E3B-BA09F926A61D}.Debug|Any CPU.Build.0 = Debug|Any CPU
		{448ECFE6-1EB5-4C55-8E3B-BA09F926A61D}.Release|Any CPU.ActiveCfg = Release|Any CPU
		{448ECFE6-1EB5-4C55-8E3B-BA09F926A61D}.Release|Any CPU.Build.0 = Release|Any CPU
		{43468374-C01F-4AF3-8469-F44D4FAC064C}.Debug|Any CPU.ActiveCfg = Debug|Any CPU
		{43468374-C01F-4AF3-8469-F44D4FAC064C}.Debug|Any CPU.Build.0 = Debug|Any CPU
		{43468374-C01F-4AF3-8469-F44D4FAC064C}.Release|Any CPU.ActiveCfg = Release|Any CPU
		{43468374-C01F-4AF3-8469-F44D4FAC064C}.Release|Any CPU.Build.0 = Release|Any CPU
		{C6742018-4E4B-4FC8-B5B8-E4472FF40EA7}.Debug|Any CPU.ActiveCfg = Debug|Any CPU
		{C6742018-4E4B-4FC8-B5B8-E4472FF40EA7}.Debug|Any CPU.Build.0 = Debug|Any CPU
		{C6742018-4E4B-4FC8-B5B8-E4472FF40EA7}.Release|Any CPU.ActiveCfg = Release|Any CPU
		{C6742018-4E4B-4FC8-B5B8-E4472FF40EA7}.Release|Any CPU.Build.0 = Release|Any CPU
		{2BA080F2-1D72-48D6-9DE3-FF2C4222611A}.Debug|Any CPU.ActiveCfg = Debug|Any CPU
		{2BA080F2-1D72-48D6-9DE3-FF2C4222611A}.Debug|Any CPU.Build.0 = Debug|Any CPU
		{2BA080F2-1D72-48D6-9DE3-FF2C4222611A}.Release|Any CPU.ActiveCfg = Release|Any CPU
		{2BA080F2-1D72-48D6-9DE3-FF2C4222611A}.Release|Any CPU.Build.0 = Release|Any CPU
		{5107CF75-5E63-405E-9EBA-19C5DFE2B581}.Debug|Any CPU.ActiveCfg = Debug|Any CPU
		{5107CF75-5E63-405E-9EBA-19C5DFE2B581}.Debug|Any CPU.Build.0 = Debug|Any CPU
		{5107CF75-5E63-405E-9EBA-19C5DFE2B581}.Debug|Any CPU.Deploy.0 = Debug|Any CPU
		{5107CF75-5E63-405E-9EBA-19C5DFE2B581}.Release|Any CPU.ActiveCfg = Release|Any CPU
		{5107CF75-5E63-405E-9EBA-19C5DFE2B581}.Release|Any CPU.Build.0 = Release|Any CPU
		{05AA6461-7363-444A-AF66-B2D42E35010F}.Debug|Any CPU.ActiveCfg = Debug|Any CPU
		{05AA6461-7363-444A-AF66-B2D42E35010F}.Debug|Any CPU.Build.0 = Debug|Any CPU
		{05AA6461-7363-444A-AF66-B2D42E35010F}.Debug|Any CPU.Deploy.0 = Debug|Any CPU
		{05AA6461-7363-444A-AF66-B2D42E35010F}.Release|Any CPU.ActiveCfg = Release|Any CPU
		{05AA6461-7363-444A-AF66-B2D42E35010F}.Release|Any CPU.Build.0 = Release|Any CPU
	EndGlobalSection
	GlobalSection(SolutionProperties) = preSolution
		HideSolutionNode = FALSE
	EndGlobalSection
	GlobalSection(ExtensibilityGlobals) = postSolution
		SolutionGuid = {C5230943-FAC0-4F24-8208-52BA88D4F489}
	EndGlobalSection
EndGlobal
